schema: '2.0'
stages:
  data_ingestion:
    cmd: python src/data/data_ingestion.py
    deps:
    - path: src/data/data_ingestion.py
      hash: md5
      md5: ee08a4c31ae467cebbcce70b5cc5491a
      size: 3545
    params:
      params.yaml:
        data_ingestion.test_size: 0.25
    outs:
    - path: data/raw
      hash: md5
      md5: 3a301dd6a0b3caa261222635788eb1a5.dir
      size: 827973
      nfiles: 2
  data_preprocessing:
    cmd: python src/data/data_preprocessing.py
    deps:
    - path: data/raw
      hash: md5
      md5: 3a301dd6a0b3caa261222635788eb1a5.dir
      size: 827973
      nfiles: 2
    - path: src/data/data_preprocessing.py
      hash: md5
      md5: c1e18bf95fcc1e3d80cae9ee7c4a6383
      size: 4014
    outs:
    - path: data/interim
      hash: md5
      md5: 4616fdeb50815ff81106f3ec9d0fa432.dir
      size: 572633
      nfiles: 2
  feature_engineering:
    cmd: python src/features/feature_engineering.py
    deps:
    - path: data/interim
      hash: md5
      md5: 4616fdeb50815ff81106f3ec9d0fa432.dir
      size: 572633
      nfiles: 2
    - path: src/features/feature_engineering.py
      hash: md5
      md5: c1888aef256c204017522c2ce5fd36a0
      size: 3883
    params:
      params.yaml:
        feature_engineering.max_features: 3500
    outs:
    - path: data/processed
      hash: md5
      md5: 6b281d74f9f1860b44fa10639ba14548.dir
      size: 72681916
      nfiles: 2
    - path: models/vectorizer.pkl
      hash: md5
      md5: edcdd459735059e2f67f91e5a91cbaaf
      size: 97209
  model_building:
    cmd: python src/model/model_building.py
    deps:
    - path: data/processed
      hash: md5
      md5: 6b281d74f9f1860b44fa10639ba14548.dir
      size: 72681916
      nfiles: 2
    - path: src/model/model_building.py
      hash: md5
      md5: 809681a98d52938b43c9befd0b00a422
      size: 2373
    outs:
    - path: models/model.pkl
      hash: md5
      md5: 069c8fe1ab587066d7a03d3617d71f30
      size: 28717
  model_evaluation:
    cmd: python src/model/model_evaluation.py
    deps:
    - path: models/model.pkl
      hash: md5
      md5: 069c8fe1ab587066d7a03d3617d71f30
      size: 28717
    - path: src/model/model_evaluation.py
      hash: md5
      md5: a7f9fdf2633d2ca1e3a3618ebc6e4d71
      size: 5457
    outs:
    - path: reports/experiment_info.json
      hash: md5
      md5: 69421698f741a54acec1e225076bbbad
      size: 82
    - path: reports/metrics.json
      hash: md5
      md5: 2d1eafa9ad7f0d98227076fbf2195de9
      size: 145
  model_registration:
    cmd: python src/model/register_model.py
    deps:
    - path: reports/experiment_info.json
      hash: md5
      md5: 69421698f741a54acec1e225076bbbad
      size: 82
    - path: src/model/register_model.py
      hash: md5
      md5: e1b9138197697122d990a76495ec3978
      size: 2569
